
Microsoft Visual Studio Solution File, Format Version 12.00
# Visual Studio Version 17
VisualStudioVersion = 17.5.33530.505
MinimumVisualStudioVersion = 10.0.40219.1
Project("{FAE04EC0-301F-11D3-BF4B-00C04F79EFBC}") = "ITP_PROJECT", "ITP_PROJECT.csproj", "{ABEFA0DC-4EB0-4DAD-8DAF-6061B5244952}"
EndProject
Global
	GlobalSection(SolutionConfigurationPlatforms) = preSolution
		Debug|Any CPU = Debug|Any CPU
		Release|Any CPU = Release|Any CPU
	EndGlobalSection
	GlobalSection(ProjectConfigurationPlatforms) = postSolution
		{ABEFA0DC-4EB0-4DAD-8DAF-6061B5244952}.Debug|Any CPU.ActiveCfg = Debug|Any CPU
		{ABEFA0DC-4EB0-4DAD-8DAF-6061B5244952}.Debug|Any CPU.Build.0 = Debug|Any CPU
		{ABEFA0DC-4EB0-4DAD-8DAF-6061B5244952}.Release|Any CPU.ActiveCfg = Release|Any CPU
		{ABEFA0DC-4EB0-4DAD-8DAF-6061B5244952}.Release|Any CPU.Build.0 = Release|Any CPU
	EndGlobalSection
	GlobalSection(SolutionProperties) = preSolution
		HideSolutionNode = FALSE
	EndGlobalSection
	GlobalSection(ExtensibilityGlobals) = postSolution
		SolutionGuid = {F869D450-986E-4914-BD8C-D0E2C3D96FD0}
	EndGlobalSection
EndGlobal
